
Microsoft Visual Studio Solution File, Format Version 12.00
# Visual Studio Version 16
VisualStudioVersion = 16.0.31702.278
MinimumVisualStudioVersion = 10.0.40219.1
Project("{9A19103F-16F7-4668-BE54-9A1E7A4F7556}") = "ComicBookInfo", "ComicBookInfo\ComicBookInfo.csproj", "{FDCC37C1-A989-41C2-93EE-D259741831C7}"
EndProject
Global
	GlobalSection(SolutionConfigurationPlatforms) = preSolution
		Debug|Any CPU = Debug|Any CPU
		Release|Any CPU = Release|Any CPU
	EndGlobalSection
	GlobalSection(ProjectConfigurationPlatforms) = postSolution
		{FDCC37C1-A989-41C2-93EE-D259741831C7}.Debug|Any CPU.ActiveCfg = Debug|Any CPU
		{FDCC37C1-A989-41C2-93EE-D259741831C7}.Debug|Any CPU.Build.0 = Debug|Any CPU
		{FDCC37C1-A989-41C2-93EE-D259741831C7}.Release|Any CPU.ActiveCfg = Release|Any CPU
		{FDCC37C1-A989-41C2-93EE-D259741831C7}.Release|Any CPU.Build.0 = Release|Any CPU
	EndGlobalSection
	GlobalSection(SolutionProperties) = preSolution
		HideSolutionNode = FALSE
	EndGlobalSection
	GlobalSection(ExtensibilityGlobals) = postSolution
		SolutionGuid = {CC65DC73-5F2E-4770-9E78-C5ED09EB8016}
	EndGlobalSection
EndGlobal
